
Microsoft Visual Studio Solution File, Format Version 12.00
# Visual Studio 2012
Project("{2150E333-8FDC-42A3-9474-1A3956D46DE8}") = "0-Modeling", "0-Modeling", "{B281D0BB-570B-478B-AF56-BDC590A06FC5}"
EndProject
Project("{2150E333-8FDC-42A3-9474-1A3956D46DE8}") = "1-External", "1-External", "{0637DB4C-4B87-45C1-999C-D8424027DCC2}"
EndProject
Project("{2150E333-8FDC-42A3-9474-1A3956D46DE8}") = "2-Presentation", "2-Presentation", "{8E793D53-DFC9-4EE3-AE10-2807C64A1478}"
EndProject
Project("{2150E333-8FDC-42A3-9474-1A3956D46DE8}") = "Logic", "Logic", "{052873EC-BDDA-481D-8227-6BC5641FF347}"
EndProject
Project("{2150E333-8FDC-42A3-9474-1A3956D46DE8}") = "UI", "UI", "{A00C8865-14F8-42F6-BA52-BCFEDD608EA6}"
EndProject
Project("{2150E333-8FDC-42A3-9474-1A3956D46DE8}") = "3-Service", "3-Service", "{133E75E4-4FAB-4956-AEB3-BE7A0CB0E514}"
EndProject
Project("{2150E333-8FDC-42A3-9474-1A3956D46DE8}") = "Contract", "Contract", "{DC0EE405-C1FE-4063-B2A4-1E6CABAC1F3E}"
EndProject
Project("{2150E333-8FDC-42A3-9474-1A3956D46DE8}") = "Implement", "Implement", "{1FCD6CC1-935C-4DA6-8DB1-207CB1250DA0}"
EndProject
Project("{2150E333-8FDC-42A3-9474-1A3956D46DE8}") = "ServiceReference", "ServiceReference", "{1182C646-F222-47A4-8209-A8EE6F77A47A}"
EndProject
Project("{2150E333-8FDC-42A3-9474-1A3956D46DE8}") = "4-Business", "4-Business", "{B1CD4768-00AB-4B90-B43B-DCB9E7AE5EDB}"
EndProject
Project("{2150E333-8FDC-42A3-9474-1A3956D46DE8}") = "Domain", "Domain", "{CBA4E078-2097-48A3-A17C-4AA70D5A8A92}"
EndProject
Project("{2150E333-8FDC-42A3-9474-1A3956D46DE8}") = "Facade", "Facade", "{C948FB38-2BB9-4242-8C71-035617E1A96F}"
EndProject
Project("{2150E333-8FDC-42A3-9474-1A3956D46DE8}") = "Logic", "Logic", "{889B2F0A-D433-488D-B015-F534505D0E51}"
EndProject
Project("{2150E333-8FDC-42A3-9474-1A3956D46DE8}") = "5-Data", "5-Data", "{8CB4C228-968C-4CB7-A31B-D68BE3A0DF4A}"
EndProject
Project("{2150E333-8FDC-42A3-9474-1A3956D46DE8}") = "DataAccess", "DataAccess", "{D6D0E926-63B1-47BC-A60A-64AA6E18EAAC}"
EndProject
Project("{2150E333-8FDC-42A3-9474-1A3956D46DE8}") = "DTO", "DTO", "{853834A7-8BEC-495B-A875-D47A8DCDA966}"
EndProject
Project("{2150E333-8FDC-42A3-9474-1A3956D46DE8}") = "Model", "Model", "{F9DD1B1F-11F4-459B-A0CC-DB4CB3DC6350}"
EndProject
Project("{2150E333-8FDC-42A3-9474-1A3956D46DE8}") = "ORM", "ORM", "{F7FCCBBB-91D3-4413-A447-9103CC731C8B}"
EndProject
Project("{2150E333-8FDC-42A3-9474-1A3956D46DE8}") = "Repository", "Repository", "{E0EF8551-BE27-42E5-8765-6E5ACBE73B0C}"
EndProject
Project("{2150E333-8FDC-42A3-9474-1A3956D46DE8}") = "ServiceAgent", "ServiceAgent", "{17252A3E-D705-4ABE-BA39-9835297F564C}"
EndProject
Project("{2150E333-8FDC-42A3-9474-1A3956D46DE8}") = "6-Crosscutting", "6-Crosscutting", "{AD7BA1AD-FB9E-47AD-A91C-357A431096A3}"
EndProject
Project("{2150E333-8FDC-42A3-9474-1A3956D46DE8}") = "AssemblyInfo", "AssemblyInfo", "{0CE78D6C-61B9-4D7E-901A-6506BB55BAD7}"
EndProject
Project("{2150E333-8FDC-42A3-9474-1A3956D46DE8}") = "Caching", "Caching", "{A8970E64-AFE0-4E80-9CEF-0A76430F5800}"
EndProject
Project("{2150E333-8FDC-42A3-9474-1A3956D46DE8}") = "Configuration", "Configuration", "{D143C82B-445F-4255-875C-3F6654700646}"
EndProject
Project("{2150E333-8FDC-42A3-9474-1A3956D46DE8}") = "Constant", "Constant", "{DDA63F96-CAD6-4AD8-A1BA-22F53A46A180}"
EndProject
Project("{2150E333-8FDC-42A3-9474-1A3956D46DE8}") = "Exception", "Exception", "{250BA42E-6CF8-48FB-870C-001FC3FC4FB1}"
EndProject
Project("{2150E333-8FDC-42A3-9474-1A3956D46DE8}") = "Logging", "Logging", "{FCD3E2E1-663D-43C5-82C8-F0C280ABE8F8}"
EndProject
Project("{2150E333-8FDC-42A3-9474-1A3956D46DE8}") = "Security", "Security", "{4ACC3728-49E1-44E8-8ABE-5740F9FD97B2}"
EndProject
Project("{2150E333-8FDC-42A3-9474-1A3956D46DE8}") = "Utility", "Utility", "{42809A34-4716-4115-98ED-333DD6DF22FE}"
EndProject
Project("{2150E333-8FDC-42A3-9474-1A3956D46DE8}") = "Validation", "Validation", "{0A4D0F1A-E35A-4A03-A51F-754614275CD8}"
EndProject
Project("{2150E333-8FDC-42A3-9474-1A3956D46DE8}") = "7-Host", "7-Host", "{B287A17E-A053-426B-8A6F-59319C0EE931}"
EndProject
Project("{2150E333-8FDC-42A3-9474-1A3956D46DE8}") = "Console", "Console", "{AB75D659-E660-405A-A5E8-ABFC098B3125}"
EndProject
Project("{2150E333-8FDC-42A3-9474-1A3956D46DE8}") = "WindowsService", "WindowsService", "{FB8835E8-DDC7-4460-BB7D-AA9F5367BE60}"
EndProject
Project("{2150E333-8FDC-42A3-9474-1A3956D46DE8}") = "8-Deployment", "8-Deployment", "{57080BE0-15B7-4EF2-A135-B9F0EB20183A}"
EndProject
Project("{2150E333-8FDC-42A3-9474-1A3956D46DE8}") = "Asset", "Asset", "{AEBC979D-AD17-4F24-8966-12DFF5B938CD}"
EndProject
Project("{2150E333-8FDC-42A3-9474-1A3956D46DE8}") = "Database", "Database", "{BDB8A84F-9504-4C88-A268-0C5A52A1D67D}"
EndProject
Project("{2150E333-8FDC-42A3-9474-1A3956D46DE8}") = "Script", "Script", "{65AD0DC5-A36F-484B-8E9E-389811465B5B}"
EndProject
Project("{2150E333-8FDC-42A3-9474-1A3956D46DE8}") = "Setup", "Setup", "{7B788BAC-1DBC-468C-BAFE-C2B20C0D85CB}"
EndProject
Project("{2150E333-8FDC-42A3-9474-1A3956D46DE8}") = "9-Test", "9-Test", "{015E07C4-56DB-4EE2-82F7-283065DF1DB7}"
EndProject
Project("{2150E333-8FDC-42A3-9474-1A3956D46DE8}") = "Debug", "Debug", "{DECD04F5-470D-46F6-9324-BA5517112E57}"
EndProject
Project("{2150E333-8FDC-42A3-9474-1A3956D46DE8}") = "UnitTest", "UnitTest", "{B831ADC0-9997-4DFE-8ECC-05380614F022}"
EndProject
Global
	GlobalSection(SolutionProperties) = preSolution
		HideSolutionNode = FALSE
	EndGlobalSection
	GlobalSection(NestedProjects) = preSolution
		{052873EC-BDDA-481D-8227-6BC5641FF347} = {8E793D53-DFC9-4EE3-AE10-2807C64A1478}
		{A00C8865-14F8-42F6-BA52-BCFEDD608EA6} = {8E793D53-DFC9-4EE3-AE10-2807C64A1478}
		{DC0EE405-C1FE-4063-B2A4-1E6CABAC1F3E} = {133E75E4-4FAB-4956-AEB3-BE7A0CB0E514}
		{1FCD6CC1-935C-4DA6-8DB1-207CB1250DA0} = {133E75E4-4FAB-4956-AEB3-BE7A0CB0E514}
		{1182C646-F222-47A4-8209-A8EE6F77A47A} = {133E75E4-4FAB-4956-AEB3-BE7A0CB0E514}
		{CBA4E078-2097-48A3-A17C-4AA70D5A8A92} = {B1CD4768-00AB-4B90-B43B-DCB9E7AE5EDB}
		{C948FB38-2BB9-4242-8C71-035617E1A96F} = {B1CD4768-00AB-4B90-B43B-DCB9E7AE5EDB}
		{889B2F0A-D433-488D-B015-F534505D0E51} = {B1CD4768-00AB-4B90-B43B-DCB9E7AE5EDB}
		{D6D0E926-63B1-47BC-A60A-64AA6E18EAAC} = {8CB4C228-968C-4CB7-A31B-D68BE3A0DF4A}
		{853834A7-8BEC-495B-A875-D47A8DCDA966} = {8CB4C228-968C-4CB7-A31B-D68BE3A0DF4A}
		{F9DD1B1F-11F4-459B-A0CC-DB4CB3DC6350} = {8CB4C228-968C-4CB7-A31B-D68BE3A0DF4A}
		{F7FCCBBB-91D3-4413-A447-9103CC731C8B} = {8CB4C228-968C-4CB7-A31B-D68BE3A0DF4A}
		{E0EF8551-BE27-42E5-8765-6E5ACBE73B0C} = {8CB4C228-968C-4CB7-A31B-D68BE3A0DF4A}
		{17252A3E-D705-4ABE-BA39-9835297F564C} = {8CB4C228-968C-4CB7-A31B-D68BE3A0DF4A}
		{0CE78D6C-61B9-4D7E-901A-6506BB55BAD7} = {AD7BA1AD-FB9E-47AD-A91C-357A431096A3}
		{A8970E64-AFE0-4E80-9CEF-0A76430F5800} = {AD7BA1AD-FB9E-47AD-A91C-357A431096A3}
		{D143C82B-445F-4255-875C-3F6654700646} = {AD7BA1AD-FB9E-47AD-A91C-357A431096A3}
		{DDA63F96-CAD6-4AD8-A1BA-22F53A46A180} = {AD7BA1AD-FB9E-47AD-A91C-357A431096A3}
		{250BA42E-6CF8-48FB-870C-001FC3FC4FB1} = {AD7BA1AD-FB9E-47AD-A91C-357A431096A3}
		{FCD3E2E1-663D-43C5-82C8-F0C280ABE8F8} = {AD7BA1AD-FB9E-47AD-A91C-357A431096A3}
		{4ACC3728-49E1-44E8-8ABE-5740F9FD97B2} = {AD7BA1AD-FB9E-47AD-A91C-357A431096A3}
		{42809A34-4716-4115-98ED-333DD6DF22FE} = {AD7BA1AD-FB9E-47AD-A91C-357A431096A3}
		{0A4D0F1A-E35A-4A03-A51F-754614275CD8} = {AD7BA1AD-FB9E-47AD-A91C-357A431096A3}
		{AB75D659-E660-405A-A5E8-ABFC098B3125} = {B287A17E-A053-426B-8A6F-59319C0EE931}
		{FB8835E8-DDC7-4460-BB7D-AA9F5367BE60} = {B287A17E-A053-426B-8A6F-59319C0EE931}
		{AEBC979D-AD17-4F24-8966-12DFF5B938CD} = {57080BE0-15B7-4EF2-A135-B9F0EB20183A}
		{BDB8A84F-9504-4C88-A268-0C5A52A1D67D} = {57080BE0-15B7-4EF2-A135-B9F0EB20183A}
		{65AD0DC5-A36F-484B-8E9E-389811465B5B} = {57080BE0-15B7-4EF2-A135-B9F0EB20183A}
		{7B788BAC-1DBC-468C-BAFE-C2B20C0D85CB} = {57080BE0-15B7-4EF2-A135-B9F0EB20183A}
		{DECD04F5-470D-46F6-9324-BA5517112E57} = {015E07C4-56DB-4EE2-82F7-283065DF1DB7}
		{B831ADC0-9997-4DFE-8ECC-05380614F022} = {015E07C4-56DB-4EE2-82F7-283065DF1DB7}
	EndGlobalSection
EndGlobal
