
Microsoft Visual Studio Solution File, Format Version 10.00
# Visual Studio 2008
Project("{2150E333-8FDC-42A3-9474-1A3956D46DE8}") = "0-Modeling", "0-Modeling", "{7B22D888-2763-4E84-8831-CF7D31D8D8F4}"
EndProject
Project("{2150E333-8FDC-42A3-9474-1A3956D46DE8}") = "1-External", "1-External", "{AB72C64E-D67C-4578-B110-C2DF448B3E2D}"
EndProject
Project("{2150E333-8FDC-42A3-9474-1A3956D46DE8}") = "2-Presentation", "2-Presentation", "{D7BDAC41-7E2D-420C-836A-15C8B91A299C}"
EndProject
Project("{2150E333-8FDC-42A3-9474-1A3956D46DE8}") = "Logic", "Logic", "{09037219-D312-4E2B-AB6A-9B37D74CBD17}"
EndProject
Project("{2150E333-8FDC-42A3-9474-1A3956D46DE8}") = "UI", "UI", "{A7234291-F710-4989-B711-92F828B8E992}"
EndProject
Project("{2150E333-8FDC-42A3-9474-1A3956D46DE8}") = "3-Service", "3-Service", "{8705883B-6516-4676-A245-DC0ED0FE1B01}"
EndProject
Project("{2150E333-8FDC-42A3-9474-1A3956D46DE8}") = "Contract", "Contract", "{62FCA95B-4E49-4E22-9ED7-C164C2FCEC1F}"
EndProject
Project("{2150E333-8FDC-42A3-9474-1A3956D46DE8}") = "Implement", "Implement", "{FA6DC4B0-75A3-4E92-8428-FA30E6F7AE23}"
EndProject
Project("{2150E333-8FDC-42A3-9474-1A3956D46DE8}") = "ServiceReference", "ServiceReference", "{4D05FC64-4EF6-4F21-B9DA-1FD13B5609E2}"
EndProject
Project("{2150E333-8FDC-42A3-9474-1A3956D46DE8}") = "4-Business", "4-Business", "{9A37BDBB-D439-4400-9B9F-545D720F3E9F}"
EndProject
Project("{2150E333-8FDC-42A3-9474-1A3956D46DE8}") = "Domain", "Domain", "{A7FC871A-B4A3-41DB-AED0-34FEFD4932C0}"
EndProject
Project("{2150E333-8FDC-42A3-9474-1A3956D46DE8}") = "Facade", "Facade", "{ABB35CF8-077F-4F8A-837D-374FE73E55B9}"
EndProject
Project("{2150E333-8FDC-42A3-9474-1A3956D46DE8}") = "Logic", "Logic", "{DCB9E6F1-C0D4-47D0-931E-05FFAFFD51CC}"
EndProject
Project("{2150E333-8FDC-42A3-9474-1A3956D46DE8}") = "5-Data", "5-Data", "{007A274F-ED7A-440A-B93E-16DF40D9A2C4}"
EndProject
Project("{2150E333-8FDC-42A3-9474-1A3956D46DE8}") = "DataAccess", "DataAccess", "{7E06D5BB-AE51-4F43-9839-4114C40E19A3}"
EndProject
Project("{2150E333-8FDC-42A3-9474-1A3956D46DE8}") = "DTO", "DTO", "{67635425-7B95-4635-B6F7-3A8CC22DBF1C}"
EndProject
Project("{2150E333-8FDC-42A3-9474-1A3956D46DE8}") = "Model", "Model", "{93A52534-B090-4AA6-8B15-450F7BC60294}"
EndProject
Project("{2150E333-8FDC-42A3-9474-1A3956D46DE8}") = "ORM", "ORM", "{D4728701-9753-4D8D-A749-7F0967DE6210}"
EndProject
Project("{2150E333-8FDC-42A3-9474-1A3956D46DE8}") = "Repository", "Repository", "{7660E5C4-7140-47DD-9B82-DF40DBC6522E}"
EndProject
Project("{2150E333-8FDC-42A3-9474-1A3956D46DE8}") = "ServiceAgent", "ServiceAgent", "{E4D759EA-F17E-4DEB-BABE-7D4F1CD7D912}"
EndProject
Project("{2150E333-8FDC-42A3-9474-1A3956D46DE8}") = "6-Crosscutting", "6-Crosscutting", "{3A5D10C0-CFFF-4B53-B445-D8BA1D5CD3DD}"
EndProject
Project("{2150E333-8FDC-42A3-9474-1A3956D46DE8}") = "AssemblyInfo", "AssemblyInfo", "{ADE7CEC1-773C-4B2B-B4D6-CDFBB952741F}"
EndProject
Project("{2150E333-8FDC-42A3-9474-1A3956D46DE8}") = "Caching", "Caching", "{DA0319C3-2FD2-467E-828D-C1330C3551F8}"
EndProject
Project("{2150E333-8FDC-42A3-9474-1A3956D46DE8}") = "Configuration", "Configuration", "{C50791D8-0E7B-4BD2-AA27-1B47178CFF40}"
EndProject
Project("{2150E333-8FDC-42A3-9474-1A3956D46DE8}") = "Constant", "Constant", "{0A256CAA-9011-433D-A8E8-5A2C3F525009}"
EndProject
Project("{2150E333-8FDC-42A3-9474-1A3956D46DE8}") = "Exception", "Exception", "{B5F73D2F-F204-40D5-B6E2-719D89945509}"
EndProject
Project("{2150E333-8FDC-42A3-9474-1A3956D46DE8}") = "Logging", "Logging", "{B2386358-5059-4086-9E40-24B6B2040222}"
EndProject
Project("{2150E333-8FDC-42A3-9474-1A3956D46DE8}") = "Security", "Security", "{A3F9DAFE-2FFC-411B-99B0-3781223D1867}"
EndProject
Project("{2150E333-8FDC-42A3-9474-1A3956D46DE8}") = "Utility", "Utility", "{FC59B8F0-230E-4FEC-BADD-6A3F168D8519}"
EndProject
Project("{2150E333-8FDC-42A3-9474-1A3956D46DE8}") = "Validation", "Validation", "{78B3979A-929B-4154-8399-0088F0A8CCD8}"
EndProject
Project("{2150E333-8FDC-42A3-9474-1A3956D46DE8}") = "7-Host", "7-Host", "{A7D0E47D-08A7-4F0F-B07A-8945CD370C39}"
EndProject
Project("{2150E333-8FDC-42A3-9474-1A3956D46DE8}") = "Console", "Console", "{836238E3-29B5-4BA2-AF51-4BA823736BA3}"
EndProject
Project("{2150E333-8FDC-42A3-9474-1A3956D46DE8}") = "WindowsService", "WindowsService", "{93694890-EB65-46C4-8B97-FEB35C87DB79}"
EndProject
Project("{2150E333-8FDC-42A3-9474-1A3956D46DE8}") = "8-Deployment", "8-Deployment", "{42B38421-CD26-4A4B-B0A3-CCE92474A0C9}"
EndProject
Project("{2150E333-8FDC-42A3-9474-1A3956D46DE8}") = "Asset", "Asset", "{818261A4-452E-4812-A8D2-12A437B15CFF}"
EndProject
Project("{2150E333-8FDC-42A3-9474-1A3956D46DE8}") = "Database", "Database", "{89E9EE36-F256-40C7-B387-7780C50E370D}"
EndProject
Project("{2150E333-8FDC-42A3-9474-1A3956D46DE8}") = "Script", "Script", "{BFB102AA-C169-4E94-9DFC-C1DFD9E9E8AA}"
EndProject
Project("{2150E333-8FDC-42A3-9474-1A3956D46DE8}") = "Setup", "Setup", "{B9464D82-03D1-4A5E-9B2F-B35E3F6718A3}"
EndProject
Project("{2150E333-8FDC-42A3-9474-1A3956D46DE8}") = "9-Test", "9-Test", "{6A87764D-FEE9-46FF-A1DA-2C22D1C57DB5}"
EndProject
Project("{2150E333-8FDC-42A3-9474-1A3956D46DE8}") = "Debug", "Debug", "{3E83FD23-BCBE-47F9-91C3-0BE7FDD445C7}"
EndProject
Project("{2150E333-8FDC-42A3-9474-1A3956D46DE8}") = "UnitTest", "UnitTest", "{3CA2C76E-CB4B-4FD3-8931-BCF144AB72B3}"
EndProject
Global
	GlobalSection(SolutionProperties) = preSolution
		HideSolutionNode = FALSE
	EndGlobalSection
	GlobalSection(NestedProjects) = preSolution
		{09037219-D312-4E2B-AB6A-9B37D74CBD17} = {D7BDAC41-7E2D-420C-836A-15C8B91A299C}
		{A7234291-F710-4989-B711-92F828B8E992} = {D7BDAC41-7E2D-420C-836A-15C8B91A299C}
		{62FCA95B-4E49-4E22-9ED7-C164C2FCEC1F} = {8705883B-6516-4676-A245-DC0ED0FE1B01}
		{FA6DC4B0-75A3-4E92-8428-FA30E6F7AE23} = {8705883B-6516-4676-A245-DC0ED0FE1B01}
		{4D05FC64-4EF6-4F21-B9DA-1FD13B5609E2} = {8705883B-6516-4676-A245-DC0ED0FE1B01}
		{A7FC871A-B4A3-41DB-AED0-34FEFD4932C0} = {9A37BDBB-D439-4400-9B9F-545D720F3E9F}
		{ABB35CF8-077F-4F8A-837D-374FE73E55B9} = {9A37BDBB-D439-4400-9B9F-545D720F3E9F}
		{DCB9E6F1-C0D4-47D0-931E-05FFAFFD51CC} = {9A37BDBB-D439-4400-9B9F-545D720F3E9F}
		{7E06D5BB-AE51-4F43-9839-4114C40E19A3} = {007A274F-ED7A-440A-B93E-16DF40D9A2C4}
		{67635425-7B95-4635-B6F7-3A8CC22DBF1C} = {007A274F-ED7A-440A-B93E-16DF40D9A2C4}
		{93A52534-B090-4AA6-8B15-450F7BC60294} = {007A274F-ED7A-440A-B93E-16DF40D9A2C4}
		{D4728701-9753-4D8D-A749-7F0967DE6210} = {007A274F-ED7A-440A-B93E-16DF40D9A2C4}
		{7660E5C4-7140-47DD-9B82-DF40DBC6522E} = {007A274F-ED7A-440A-B93E-16DF40D9A2C4}
		{E4D759EA-F17E-4DEB-BABE-7D4F1CD7D912} = {007A274F-ED7A-440A-B93E-16DF40D9A2C4}
		{ADE7CEC1-773C-4B2B-B4D6-CDFBB952741F} = {3A5D10C0-CFFF-4B53-B445-D8BA1D5CD3DD}
		{DA0319C3-2FD2-467E-828D-C1330C3551F8} = {3A5D10C0-CFFF-4B53-B445-D8BA1D5CD3DD}
		{C50791D8-0E7B-4BD2-AA27-1B47178CFF40} = {3A5D10C0-CFFF-4B53-B445-D8BA1D5CD3DD}
		{0A256CAA-9011-433D-A8E8-5A2C3F525009} = {3A5D10C0-CFFF-4B53-B445-D8BA1D5CD3DD}
		{B5F73D2F-F204-40D5-B6E2-719D89945509} = {3A5D10C0-CFFF-4B53-B445-D8BA1D5CD3DD}
		{B2386358-5059-4086-9E40-24B6B2040222} = {3A5D10C0-CFFF-4B53-B445-D8BA1D5CD3DD}
		{A3F9DAFE-2FFC-411B-99B0-3781223D1867} = {3A5D10C0-CFFF-4B53-B445-D8BA1D5CD3DD}
		{FC59B8F0-230E-4FEC-BADD-6A3F168D8519} = {3A5D10C0-CFFF-4B53-B445-D8BA1D5CD3DD}
		{78B3979A-929B-4154-8399-0088F0A8CCD8} = {3A5D10C0-CFFF-4B53-B445-D8BA1D5CD3DD}
		{836238E3-29B5-4BA2-AF51-4BA823736BA3} = {A7D0E47D-08A7-4F0F-B07A-8945CD370C39}
		{93694890-EB65-46C4-8B97-FEB35C87DB79} = {A7D0E47D-08A7-4F0F-B07A-8945CD370C39}
		{818261A4-452E-4812-A8D2-12A437B15CFF} = {42B38421-CD26-4A4B-B0A3-CCE92474A0C9}
		{89E9EE36-F256-40C7-B387-7780C50E370D} = {42B38421-CD26-4A4B-B0A3-CCE92474A0C9}
		{BFB102AA-C169-4E94-9DFC-C1DFD9E9E8AA} = {42B38421-CD26-4A4B-B0A3-CCE92474A0C9}
		{B9464D82-03D1-4A5E-9B2F-B35E3F6718A3} = {42B38421-CD26-4A4B-B0A3-CCE92474A0C9}
		{3E83FD23-BCBE-47F9-91C3-0BE7FDD445C7} = {6A87764D-FEE9-46FF-A1DA-2C22D1C57DB5}
		{3CA2C76E-CB4B-4FD3-8931-BCF144AB72B3} = {6A87764D-FEE9-46FF-A1DA-2C22D1C57DB5}
	EndGlobalSection
EndGlobal
