
Microsoft Visual Studio Solution File, Format Version 12.00
# Visual Studio 2013
VisualStudioVersion = 12.0.30723.0
MinimumVisualStudioVersion = 10.0.40219.1
Project("{2150E333-8FDC-42A3-9474-1A3956D46DE8}") = "0-Modeling", "0-Modeling", "{21821AF3-F0DC-4294-A5F1-BB33A36B0E36}"
EndProject
Project("{2150E333-8FDC-42A3-9474-1A3956D46DE8}") = "1-External", "1-External", "{727953AA-D3A6-4D68-9F8B-890A3702386D}"
EndProject
Project("{2150E333-8FDC-42A3-9474-1A3956D46DE8}") = "2-Presentation", "2-Presentation", "{1B869F94-BBD5-4597-8D4C-419C2D7AFBED}"
EndProject
Project("{2150E333-8FDC-42A3-9474-1A3956D46DE8}") = "Logic", "Logic", "{50C064A7-29E9-4763-8108-B7D7374A13E3}"
EndProject
Project("{2150E333-8FDC-42A3-9474-1A3956D46DE8}") = "UI", "UI", "{B30BFDA4-C0DA-4468-AF97-BD2628DEA638}"
EndProject
Project("{2150E333-8FDC-42A3-9474-1A3956D46DE8}") = "3-Service", "3-Service", "{EABACB7F-C9AB-49E6-BBFD-6A751DF0C16F}"
EndProject
Project("{2150E333-8FDC-42A3-9474-1A3956D46DE8}") = "Contract", "Contract", "{94AEDF1A-611F-4037-B4E7-88D891B8D2F2}"
EndProject
Project("{2150E333-8FDC-42A3-9474-1A3956D46DE8}") = "Implement", "Implement", "{2EE9532B-8560-4714-8E93-46D5D38CF38D}"
EndProject
Project("{2150E333-8FDC-42A3-9474-1A3956D46DE8}") = "ServiceReference", "ServiceReference", "{2A3DA51E-FB9E-472A-80C5-C33AA90E2351}"
EndProject
Project("{2150E333-8FDC-42A3-9474-1A3956D46DE8}") = "4-Business", "4-Business", "{EA1EC9FC-77A0-4D9D-B6AE-00503B4E851F}"
EndProject
Project("{2150E333-8FDC-42A3-9474-1A3956D46DE8}") = "Domain", "Domain", "{290B751F-9E89-4290-B7FB-0BDC1EC315A4}"
EndProject
Project("{2150E333-8FDC-42A3-9474-1A3956D46DE8}") = "Facade", "Facade", "{115EE67D-9956-4434-AB51-F67DA78C8AB8}"
EndProject
Project("{2150E333-8FDC-42A3-9474-1A3956D46DE8}") = "Logic", "Logic", "{24C594EF-7677-47B0-8CA2-26ADDA670A57}"
EndProject
Project("{2150E333-8FDC-42A3-9474-1A3956D46DE8}") = "5-Data", "5-Data", "{83085B8C-F1DC-4424-A5E1-279DD836DFC3}"
EndProject
Project("{2150E333-8FDC-42A3-9474-1A3956D46DE8}") = "DataAccess", "DataAccess", "{EFD28146-8983-491E-8ACE-47FAEDB734AE}"
EndProject
Project("{2150E333-8FDC-42A3-9474-1A3956D46DE8}") = "DTO", "DTO", "{F97B45D8-7BA2-47C9-83A6-C0B824668D5D}"
EndProject
Project("{2150E333-8FDC-42A3-9474-1A3956D46DE8}") = "Model", "Model", "{0D8A6A6A-9234-4071-ACB7-8946EF522638}"
EndProject
Project("{2150E333-8FDC-42A3-9474-1A3956D46DE8}") = "ORM", "ORM", "{D11A9391-EE58-4061-8C94-CB7F08C84FD1}"
EndProject
Project("{2150E333-8FDC-42A3-9474-1A3956D46DE8}") = "Repository", "Repository", "{564A13D4-B9A1-48C9-9F9E-B89B264CC2A9}"
EndProject
Project("{2150E333-8FDC-42A3-9474-1A3956D46DE8}") = "ServiceAgent", "ServiceAgent", "{D8208E73-4444-47B2-A603-F1A62DB72DA3}"
EndProject
Project("{2150E333-8FDC-42A3-9474-1A3956D46DE8}") = "6-Crosscutting", "6-Crosscutting", "{3A32B821-9DA0-448A-BF3F-AF0105874E2C}"
EndProject
Project("{2150E333-8FDC-42A3-9474-1A3956D46DE8}") = "AssemblyInfo", "AssemblyInfo", "{62284CB5-7646-4E71-8EA3-9148951D382A}"
EndProject
Project("{2150E333-8FDC-42A3-9474-1A3956D46DE8}") = "Caching", "Caching", "{71E937BB-E5C7-4E11-AD33-BB40F5CAF9FE}"
EndProject
Project("{2150E333-8FDC-42A3-9474-1A3956D46DE8}") = "Configuration", "Configuration", "{2E61B931-A1EC-4D71-A95F-810CCF6E55B2}"
EndProject
Project("{2150E333-8FDC-42A3-9474-1A3956D46DE8}") = "Constant", "Constant", "{C491E723-6811-4CBA-8FD6-9105938180BB}"
EndProject
Project("{2150E333-8FDC-42A3-9474-1A3956D46DE8}") = "Exception", "Exception", "{4486C80E-6A08-4098-B0CC-7E95A036068D}"
EndProject
Project("{2150E333-8FDC-42A3-9474-1A3956D46DE8}") = "Logging", "Logging", "{C2B0E62F-6707-49A6-A91F-A120FFCA76F6}"
EndProject
Project("{2150E333-8FDC-42A3-9474-1A3956D46DE8}") = "Security", "Security", "{9FD91CD9-CCB5-48CE-A77B-55E71876E429}"
EndProject
Project("{2150E333-8FDC-42A3-9474-1A3956D46DE8}") = "Utility", "Utility", "{B81F99FB-E0D2-403D-87F8-84730FAD9AD8}"
EndProject
Project("{2150E333-8FDC-42A3-9474-1A3956D46DE8}") = "Validation", "Validation", "{3BE193A5-A729-46BA-9436-5B6F84BA60D9}"
EndProject
Project("{2150E333-8FDC-42A3-9474-1A3956D46DE8}") = "7-Host", "7-Host", "{EBB9F683-0762-4CF9-8C7A-2ECFF5428EE4}"
EndProject
Project("{2150E333-8FDC-42A3-9474-1A3956D46DE8}") = "Console", "Console", "{6DAA2276-7E2B-43F6-B152-75781DC2AF28}"
EndProject
Project("{2150E333-8FDC-42A3-9474-1A3956D46DE8}") = "WindowsService", "WindowsService", "{0FB43059-E66D-4B58-A61C-E922884D538B}"
EndProject
Project("{2150E333-8FDC-42A3-9474-1A3956D46DE8}") = "8-Deployment", "8-Deployment", "{BA54FC15-C2D7-4ECE-9E49-4595C161BB58}"
EndProject
Project("{2150E333-8FDC-42A3-9474-1A3956D46DE8}") = "Asset", "Asset", "{199CFBC1-72C6-46A3-8080-A70B8A42C6DB}"
EndProject
Project("{2150E333-8FDC-42A3-9474-1A3956D46DE8}") = "Database", "Database", "{CF24CBD5-F03F-41FC-8BE1-13241DE49B0F}"
EndProject
Project("{2150E333-8FDC-42A3-9474-1A3956D46DE8}") = "Script", "Script", "{0A3ACFF2-AFD4-4BA2-8854-29E32D95DE78}"
EndProject
Project("{2150E333-8FDC-42A3-9474-1A3956D46DE8}") = "Setup", "Setup", "{FC25D930-E347-43F0-9F12-5E6F3B0DB864}"
EndProject
Project("{2150E333-8FDC-42A3-9474-1A3956D46DE8}") = "9-Test", "9-Test", "{0EB3E183-205D-4EBC-A7FA-2327B848F7B7}"
EndProject
Project("{2150E333-8FDC-42A3-9474-1A3956D46DE8}") = "Debug", "Debug", "{3A66AF52-D8D7-445B-8FCD-C06198F22E80}"
EndProject
Project("{2150E333-8FDC-42A3-9474-1A3956D46DE8}") = "UnitTest", "UnitTest", "{D432C6C7-4AA1-47E2-85C6-75FE39508374}"
EndProject
Global
	GlobalSection(SolutionProperties) = preSolution
		HideSolutionNode = FALSE
	EndGlobalSection
	GlobalSection(NestedProjects) = preSolution
		{50C064A7-29E9-4763-8108-B7D7374A13E3} = {1B869F94-BBD5-4597-8D4C-419C2D7AFBED}
		{B30BFDA4-C0DA-4468-AF97-BD2628DEA638} = {1B869F94-BBD5-4597-8D4C-419C2D7AFBED}
		{94AEDF1A-611F-4037-B4E7-88D891B8D2F2} = {EABACB7F-C9AB-49E6-BBFD-6A751DF0C16F}
		{2EE9532B-8560-4714-8E93-46D5D38CF38D} = {EABACB7F-C9AB-49E6-BBFD-6A751DF0C16F}
		{2A3DA51E-FB9E-472A-80C5-C33AA90E2351} = {EABACB7F-C9AB-49E6-BBFD-6A751DF0C16F}
		{290B751F-9E89-4290-B7FB-0BDC1EC315A4} = {EA1EC9FC-77A0-4D9D-B6AE-00503B4E851F}
		{115EE67D-9956-4434-AB51-F67DA78C8AB8} = {EA1EC9FC-77A0-4D9D-B6AE-00503B4E851F}
		{24C594EF-7677-47B0-8CA2-26ADDA670A57} = {EA1EC9FC-77A0-4D9D-B6AE-00503B4E851F}
		{EFD28146-8983-491E-8ACE-47FAEDB734AE} = {83085B8C-F1DC-4424-A5E1-279DD836DFC3}
		{F97B45D8-7BA2-47C9-83A6-C0B824668D5D} = {83085B8C-F1DC-4424-A5E1-279DD836DFC3}
		{0D8A6A6A-9234-4071-ACB7-8946EF522638} = {83085B8C-F1DC-4424-A5E1-279DD836DFC3}
		{D11A9391-EE58-4061-8C94-CB7F08C84FD1} = {83085B8C-F1DC-4424-A5E1-279DD836DFC3}
		{564A13D4-B9A1-48C9-9F9E-B89B264CC2A9} = {83085B8C-F1DC-4424-A5E1-279DD836DFC3}
		{D8208E73-4444-47B2-A603-F1A62DB72DA3} = {83085B8C-F1DC-4424-A5E1-279DD836DFC3}
		{62284CB5-7646-4E71-8EA3-9148951D382A} = {3A32B821-9DA0-448A-BF3F-AF0105874E2C}
		{71E937BB-E5C7-4E11-AD33-BB40F5CAF9FE} = {3A32B821-9DA0-448A-BF3F-AF0105874E2C}
		{2E61B931-A1EC-4D71-A95F-810CCF6E55B2} = {3A32B821-9DA0-448A-BF3F-AF0105874E2C}
		{C491E723-6811-4CBA-8FD6-9105938180BB} = {3A32B821-9DA0-448A-BF3F-AF0105874E2C}
		{4486C80E-6A08-4098-B0CC-7E95A036068D} = {3A32B821-9DA0-448A-BF3F-AF0105874E2C}
		{C2B0E62F-6707-49A6-A91F-A120FFCA76F6} = {3A32B821-9DA0-448A-BF3F-AF0105874E2C}
		{9FD91CD9-CCB5-48CE-A77B-55E71876E429} = {3A32B821-9DA0-448A-BF3F-AF0105874E2C}
		{B81F99FB-E0D2-403D-87F8-84730FAD9AD8} = {3A32B821-9DA0-448A-BF3F-AF0105874E2C}
		{3BE193A5-A729-46BA-9436-5B6F84BA60D9} = {3A32B821-9DA0-448A-BF3F-AF0105874E2C}
		{6DAA2276-7E2B-43F6-B152-75781DC2AF28} = {EBB9F683-0762-4CF9-8C7A-2ECFF5428EE4}
		{0FB43059-E66D-4B58-A61C-E922884D538B} = {EBB9F683-0762-4CF9-8C7A-2ECFF5428EE4}
		{199CFBC1-72C6-46A3-8080-A70B8A42C6DB} = {BA54FC15-C2D7-4ECE-9E49-4595C161BB58}
		{CF24CBD5-F03F-41FC-8BE1-13241DE49B0F} = {BA54FC15-C2D7-4ECE-9E49-4595C161BB58}
		{0A3ACFF2-AFD4-4BA2-8854-29E32D95DE78} = {BA54FC15-C2D7-4ECE-9E49-4595C161BB58}
		{FC25D930-E347-43F0-9F12-5E6F3B0DB864} = {BA54FC15-C2D7-4ECE-9E49-4595C161BB58}
		{3A66AF52-D8D7-445B-8FCD-C06198F22E80} = {0EB3E183-205D-4EBC-A7FA-2327B848F7B7}
		{D432C6C7-4AA1-47E2-85C6-75FE39508374} = {0EB3E183-205D-4EBC-A7FA-2327B848F7B7}
	EndGlobalSection
EndGlobal
