
Microsoft Visual Studio Solution File, Format Version 12.00
# Visual Studio 14
VisualStudioVersion = 14.0.23107.0
MinimumVisualStudioVersion = 10.0.40219.1
Project("{2150E333-8FDC-42A3-9474-1A3956D46DE8}") = "0-Modeling", "0-Modeling", "{A0C9A1DA-A2EE-4A1C-975E-52EC4D3B6FAC}"
EndProject
Project("{2150E333-8FDC-42A3-9474-1A3956D46DE8}") = "1-External", "1-External", "{F7720AEA-7B0F-41B3-A49A-77AD5E5D1386}"
EndProject
Project("{2150E333-8FDC-42A3-9474-1A3956D46DE8}") = "2-Presentation", "2-Presentation", "{43AED557-5EF5-4DB7-97A3-C2BD030F4C3D}"
EndProject
Project("{2150E333-8FDC-42A3-9474-1A3956D46DE8}") = "Logic", "Logic", "{ECA3F77F-C972-433A-9A3C-948DBFAC629B}"
EndProject
Project("{2150E333-8FDC-42A3-9474-1A3956D46DE8}") = "UI", "UI", "{B47D4B36-F102-40EC-924B-46F3DAF6683B}"
EndProject
Project("{2150E333-8FDC-42A3-9474-1A3956D46DE8}") = "3-Service", "3-Service", "{8BD4F0CC-1ED7-42BE-B1DE-26F3FE509DB1}"
EndProject
Project("{2150E333-8FDC-42A3-9474-1A3956D46DE8}") = "Contract", "Contract", "{6884189D-DF16-49FE-97EF-0E567FEC9342}"
EndProject
Project("{2150E333-8FDC-42A3-9474-1A3956D46DE8}") = "Implement", "Implement", "{B3E67463-0FD8-4786-A193-1778169DD027}"
EndProject
Project("{2150E333-8FDC-42A3-9474-1A3956D46DE8}") = "ServiceReference", "ServiceReference", "{18A9D980-F62A-47CA-8E05-C7295A7A1E4B}"
EndProject
Project("{2150E333-8FDC-42A3-9474-1A3956D46DE8}") = "4-Business", "4-Business", "{F8F0F41F-BCCB-4910-AEC1-62A61B4F8F1C}"
EndProject
Project("{2150E333-8FDC-42A3-9474-1A3956D46DE8}") = "Domain", "Domain", "{4FE54C8E-1B90-473C-AFFB-F65C054D5061}"
EndProject
Project("{2150E333-8FDC-42A3-9474-1A3956D46DE8}") = "Facade", "Facade", "{F20F8881-ED1E-4B8C-9094-63CB746BDED4}"
EndProject
Project("{2150E333-8FDC-42A3-9474-1A3956D46DE8}") = "Logic", "Logic", "{AFE82910-2227-4AB3-84F6-32811904557A}"
EndProject
Project("{2150E333-8FDC-42A3-9474-1A3956D46DE8}") = "5-Data", "5-Data", "{1DF0FDA5-1C5E-4775-B91F-F79C046DCDE3}"
EndProject
Project("{2150E333-8FDC-42A3-9474-1A3956D46DE8}") = "DataAccess", "DataAccess", "{0168AC90-678E-4BF6-B54E-B55E48AF44EA}"
EndProject
Project("{2150E333-8FDC-42A3-9474-1A3956D46DE8}") = "DTO", "DTO", "{0B3B826A-5B8A-442F-B5D9-BD8BB0CC5EE9}"
EndProject
Project("{2150E333-8FDC-42A3-9474-1A3956D46DE8}") = "Model", "Model", "{84CDAE55-C567-4938-A236-EFA50A0F2F81}"
EndProject
Project("{2150E333-8FDC-42A3-9474-1A3956D46DE8}") = "ORM", "ORM", "{8B5867DB-1634-456F-9031-D7D521E28132}"
EndProject
Project("{2150E333-8FDC-42A3-9474-1A3956D46DE8}") = "Repository", "Repository", "{F87B5316-829D-40C1-BAE2-54602AD05CBE}"
EndProject
Project("{2150E333-8FDC-42A3-9474-1A3956D46DE8}") = "ServiceAgent", "ServiceAgent", "{2C23D5E5-CC00-4364-8BF2-0F9F36DECB6A}"
EndProject
Project("{2150E333-8FDC-42A3-9474-1A3956D46DE8}") = "6-Crosscutting", "6-Crosscutting", "{8EEDB4EC-5779-4DE5-A039-7D8D1E0681CB}"
EndProject
Project("{2150E333-8FDC-42A3-9474-1A3956D46DE8}") = "AssemblyInfo", "AssemblyInfo", "{4AD0DFBD-797D-4655-AECB-A5082654C3D9}"
EndProject
Project("{2150E333-8FDC-42A3-9474-1A3956D46DE8}") = "Caching", "Caching", "{D8437E68-74B5-40EF-915A-9D678BB576F6}"
EndProject
Project("{2150E333-8FDC-42A3-9474-1A3956D46DE8}") = "Configuration", "Configuration", "{187589FE-F3DC-4BF9-8B97-212C49BA0395}"
EndProject
Project("{2150E333-8FDC-42A3-9474-1A3956D46DE8}") = "Constant", "Constant", "{BA77B3B0-8CDF-43F3-816E-DBD975D55D7C}"
EndProject
Project("{2150E333-8FDC-42A3-9474-1A3956D46DE8}") = "Exception", "Exception", "{4FB1FA8B-DF0F-4A87-B12A-CE9F726FD2AD}"
EndProject
Project("{2150E333-8FDC-42A3-9474-1A3956D46DE8}") = "Logging", "Logging", "{AFF1FEFA-6D2C-4B9F-B484-59106ABF5358}"
EndProject
Project("{2150E333-8FDC-42A3-9474-1A3956D46DE8}") = "Security", "Security", "{A57AEBD0-09EB-4EF1-A73E-817F7AF6F065}"
EndProject
Project("{2150E333-8FDC-42A3-9474-1A3956D46DE8}") = "Utility", "Utility", "{D20011AD-7FA9-4BCA-9BE8-DEF99D91797D}"
EndProject
Project("{2150E333-8FDC-42A3-9474-1A3956D46DE8}") = "Validation", "Validation", "{90623358-7E6B-430A-8D0A-C0D3FF970362}"
EndProject
Project("{2150E333-8FDC-42A3-9474-1A3956D46DE8}") = "7-Host", "7-Host", "{3D0D517F-56AF-46CD-B57B-772536C3A46D}"
EndProject
Project("{2150E333-8FDC-42A3-9474-1A3956D46DE8}") = "Console", "Console", "{222098C0-7A0D-4A68-8E02-48EA968C2669}"
EndProject
Project("{2150E333-8FDC-42A3-9474-1A3956D46DE8}") = "WindowsService", "WindowsService", "{EA9DC7D5-7863-43F9-87D8-91A09BC05424}"
EndProject
Project("{2150E333-8FDC-42A3-9474-1A3956D46DE8}") = "8-Deployment", "8-Deployment", "{8EEF3D3B-B9A1-4BF1-AA1E-ED57A4D8878E}"
EndProject
Project("{2150E333-8FDC-42A3-9474-1A3956D46DE8}") = "Asset", "Asset", "{F4FEF8FD-B56E-472C-8A22-361B0B4BB74F}"
EndProject
Project("{2150E333-8FDC-42A3-9474-1A3956D46DE8}") = "Database", "Database", "{1B8E6195-B5A8-4B59-8312-C50938189332}"
EndProject
Project("{2150E333-8FDC-42A3-9474-1A3956D46DE8}") = "Script", "Script", "{B5F47E24-0F5E-4DF7-8EC3-3FB9A6A721C3}"
EndProject
Project("{2150E333-8FDC-42A3-9474-1A3956D46DE8}") = "Setup", "Setup", "{AFACF3ED-DDE1-4F89-9DC3-DD2D32C0A7FD}"
EndProject
Project("{2150E333-8FDC-42A3-9474-1A3956D46DE8}") = "9-Test", "9-Test", "{5377AC2C-739D-4EE5-927F-C3DB416FB63D}"
EndProject
Project("{2150E333-8FDC-42A3-9474-1A3956D46DE8}") = "Debug", "Debug", "{2A7271E3-F380-4183-B06A-667E4D49289B}"
EndProject
Project("{2150E333-8FDC-42A3-9474-1A3956D46DE8}") = "UnitTest", "UnitTest", "{B03FDF3B-5173-423C-AA86-D52CED113A16}"
EndProject
Global
	GlobalSection(SolutionProperties) = preSolution
		HideSolutionNode = FALSE
	EndGlobalSection
	GlobalSection(NestedProjects) = preSolution
		{ECA3F77F-C972-433A-9A3C-948DBFAC629B} = {43AED557-5EF5-4DB7-97A3-C2BD030F4C3D}
		{B47D4B36-F102-40EC-924B-46F3DAF6683B} = {43AED557-5EF5-4DB7-97A3-C2BD030F4C3D}
		{6884189D-DF16-49FE-97EF-0E567FEC9342} = {8BD4F0CC-1ED7-42BE-B1DE-26F3FE509DB1}
		{B3E67463-0FD8-4786-A193-1778169DD027} = {8BD4F0CC-1ED7-42BE-B1DE-26F3FE509DB1}
		{18A9D980-F62A-47CA-8E05-C7295A7A1E4B} = {8BD4F0CC-1ED7-42BE-B1DE-26F3FE509DB1}
		{4FE54C8E-1B90-473C-AFFB-F65C054D5061} = {F8F0F41F-BCCB-4910-AEC1-62A61B4F8F1C}
		{F20F8881-ED1E-4B8C-9094-63CB746BDED4} = {F8F0F41F-BCCB-4910-AEC1-62A61B4F8F1C}
		{AFE82910-2227-4AB3-84F6-32811904557A} = {F8F0F41F-BCCB-4910-AEC1-62A61B4F8F1C}
		{0168AC90-678E-4BF6-B54E-B55E48AF44EA} = {1DF0FDA5-1C5E-4775-B91F-F79C046DCDE3}
		{0B3B826A-5B8A-442F-B5D9-BD8BB0CC5EE9} = {1DF0FDA5-1C5E-4775-B91F-F79C046DCDE3}
		{84CDAE55-C567-4938-A236-EFA50A0F2F81} = {1DF0FDA5-1C5E-4775-B91F-F79C046DCDE3}
		{8B5867DB-1634-456F-9031-D7D521E28132} = {1DF0FDA5-1C5E-4775-B91F-F79C046DCDE3}
		{F87B5316-829D-40C1-BAE2-54602AD05CBE} = {1DF0FDA5-1C5E-4775-B91F-F79C046DCDE3}
		{2C23D5E5-CC00-4364-8BF2-0F9F36DECB6A} = {1DF0FDA5-1C5E-4775-B91F-F79C046DCDE3}
		{4AD0DFBD-797D-4655-AECB-A5082654C3D9} = {8EEDB4EC-5779-4DE5-A039-7D8D1E0681CB}
		{D8437E68-74B5-40EF-915A-9D678BB576F6} = {8EEDB4EC-5779-4DE5-A039-7D8D1E0681CB}
		{187589FE-F3DC-4BF9-8B97-212C49BA0395} = {8EEDB4EC-5779-4DE5-A039-7D8D1E0681CB}
		{BA77B3B0-8CDF-43F3-816E-DBD975D55D7C} = {8EEDB4EC-5779-4DE5-A039-7D8D1E0681CB}
		{4FB1FA8B-DF0F-4A87-B12A-CE9F726FD2AD} = {8EEDB4EC-5779-4DE5-A039-7D8D1E0681CB}
		{AFF1FEFA-6D2C-4B9F-B484-59106ABF5358} = {8EEDB4EC-5779-4DE5-A039-7D8D1E0681CB}
		{A57AEBD0-09EB-4EF1-A73E-817F7AF6F065} = {8EEDB4EC-5779-4DE5-A039-7D8D1E0681CB}
		{D20011AD-7FA9-4BCA-9BE8-DEF99D91797D} = {8EEDB4EC-5779-4DE5-A039-7D8D1E0681CB}
		{90623358-7E6B-430A-8D0A-C0D3FF970362} = {8EEDB4EC-5779-4DE5-A039-7D8D1E0681CB}
		{222098C0-7A0D-4A68-8E02-48EA968C2669} = {3D0D517F-56AF-46CD-B57B-772536C3A46D}
		{EA9DC7D5-7863-43F9-87D8-91A09BC05424} = {3D0D517F-56AF-46CD-B57B-772536C3A46D}
		{F4FEF8FD-B56E-472C-8A22-361B0B4BB74F} = {8EEF3D3B-B9A1-4BF1-AA1E-ED57A4D8878E}
		{1B8E6195-B5A8-4B59-8312-C50938189332} = {8EEF3D3B-B9A1-4BF1-AA1E-ED57A4D8878E}
		{B5F47E24-0F5E-4DF7-8EC3-3FB9A6A721C3} = {8EEF3D3B-B9A1-4BF1-AA1E-ED57A4D8878E}
		{AFACF3ED-DDE1-4F89-9DC3-DD2D32C0A7FD} = {8EEF3D3B-B9A1-4BF1-AA1E-ED57A4D8878E}
		{2A7271E3-F380-4183-B06A-667E4D49289B} = {5377AC2C-739D-4EE5-927F-C3DB416FB63D}
		{B03FDF3B-5173-423C-AA86-D52CED113A16} = {5377AC2C-739D-4EE5-927F-C3DB416FB63D}
	EndGlobalSection
EndGlobal
