
Microsoft Visual Studio Solution File, Format Version 11.00
# Visual Studio 2010
Project("{2150E333-8FDC-42A3-9474-1A3956D46DE8}") = "0-Modeling", "0-Modeling", "{29E1CA09-9C49-45DB-949E-D07CD74B33A2}"
EndProject
Project("{2150E333-8FDC-42A3-9474-1A3956D46DE8}") = "1-External", "1-External", "{D1336ADA-2D57-4018-827C-6EFAD760CD1F}"
EndProject
Project("{2150E333-8FDC-42A3-9474-1A3956D46DE8}") = "2-Presentation", "2-Presentation", "{BD440E54-18FB-4967-AF39-D5BF3AB7CB87}"
EndProject
Project("{2150E333-8FDC-42A3-9474-1A3956D46DE8}") = "Logic", "Logic", "{5D3C71FE-81E7-4982-ACD2-7233FCDC5584}"
EndProject
Project("{2150E333-8FDC-42A3-9474-1A3956D46DE8}") = "UI", "UI", "{8272A534-47CB-4747-9827-813267B3CC0D}"
EndProject
Project("{2150E333-8FDC-42A3-9474-1A3956D46DE8}") = "3-Service", "3-Service", "{3371C859-01EE-40EE-89B6-02B07FDF4B36}"
EndProject
Project("{2150E333-8FDC-42A3-9474-1A3956D46DE8}") = "Contract", "Contract", "{711C9847-E298-4F87-ADF3-D0E2E15C787E}"
EndProject
Project("{2150E333-8FDC-42A3-9474-1A3956D46DE8}") = "Implement", "Implement", "{174152EE-364A-4A6E-B285-E160AFC64752}"
EndProject
Project("{2150E333-8FDC-42A3-9474-1A3956D46DE8}") = "ServiceReference", "ServiceReference", "{9B7B74F3-8BC8-43B8-AA35-8C1FCE0F02E5}"
EndProject
Project("{2150E333-8FDC-42A3-9474-1A3956D46DE8}") = "4-Business", "4-Business", "{459A1040-EF94-47C8-A958-534ACD8757C1}"
EndProject
Project("{2150E333-8FDC-42A3-9474-1A3956D46DE8}") = "Domain", "Domain", "{18F6ABDF-D12E-4CDC-B7A6-9F564C886040}"
EndProject
Project("{2150E333-8FDC-42A3-9474-1A3956D46DE8}") = "Facade", "Facade", "{DD44ECE5-C180-4E0D-A58E-38D10DD3D1B9}"
EndProject
Project("{2150E333-8FDC-42A3-9474-1A3956D46DE8}") = "Logic", "Logic", "{8F59FEF0-0AF9-49B4-846F-50CD382DC7E6}"
EndProject
Project("{2150E333-8FDC-42A3-9474-1A3956D46DE8}") = "5-Data", "5-Data", "{3ECD0718-36DD-41F0-B842-A32371BEFCCF}"
EndProject
Project("{2150E333-8FDC-42A3-9474-1A3956D46DE8}") = "DataAccess", "DataAccess", "{EFAEFBE4-539E-4DCA-BB32-0B0F013C3A1C}"
EndProject
Project("{2150E333-8FDC-42A3-9474-1A3956D46DE8}") = "DTO", "DTO", "{EF002349-6FD5-40D0-8B8D-F49D355B3CF0}"
EndProject
Project("{2150E333-8FDC-42A3-9474-1A3956D46DE8}") = "Model", "Model", "{F5156727-4CDB-4722-82B3-A1FD4BAB27A2}"
EndProject
Project("{2150E333-8FDC-42A3-9474-1A3956D46DE8}") = "ORM", "ORM", "{5504640F-F7E8-4F3C-B6C6-86A9C55C2F90}"
EndProject
Project("{2150E333-8FDC-42A3-9474-1A3956D46DE8}") = "Repository", "Repository", "{9B51D25C-52A9-4823-BB22-0EC23818244C}"
EndProject
Project("{2150E333-8FDC-42A3-9474-1A3956D46DE8}") = "ServiceAgent", "ServiceAgent", "{F56D3096-564E-4993-AED5-B0E2BB14B252}"
EndProject
Project("{2150E333-8FDC-42A3-9474-1A3956D46DE8}") = "6-Crosscutting", "6-Crosscutting", "{B0B7A095-DDAF-43A6-BECF-A622B4528F6F}"
EndProject
Project("{2150E333-8FDC-42A3-9474-1A3956D46DE8}") = "AssemblyInfo", "AssemblyInfo", "{854D8262-40C0-42B0-8952-826CE3B2172E}"
EndProject
Project("{2150E333-8FDC-42A3-9474-1A3956D46DE8}") = "Caching", "Caching", "{E1B9D85C-758F-45BA-BF1F-455AF0E96650}"
EndProject
Project("{2150E333-8FDC-42A3-9474-1A3956D46DE8}") = "Configuration", "Configuration", "{E4E58C5D-2690-46D4-8E2B-FDEAC834773B}"
EndProject
Project("{2150E333-8FDC-42A3-9474-1A3956D46DE8}") = "Constant", "Constant", "{1D1E620A-F1DB-44AD-BFFD-BE9C9FEDC12D}"
EndProject
Project("{2150E333-8FDC-42A3-9474-1A3956D46DE8}") = "Exception", "Exception", "{1163B030-F8B1-43D5-BCFC-6A7D39D8337B}"
EndProject
Project("{2150E333-8FDC-42A3-9474-1A3956D46DE8}") = "Logging", "Logging", "{E3F33C2E-DE11-4AF0-A302-69771B6A8CBD}"
EndProject
Project("{2150E333-8FDC-42A3-9474-1A3956D46DE8}") = "Security", "Security", "{16FA610C-5E9E-4695-8848-6BE7C14F20AD}"
EndProject
Project("{2150E333-8FDC-42A3-9474-1A3956D46DE8}") = "Utility", "Utility", "{F735A57F-6490-47FF-AD74-8079B43022E1}"
EndProject
Project("{2150E333-8FDC-42A3-9474-1A3956D46DE8}") = "Validation", "Validation", "{3E6204D8-1CE0-4E0D-819A-4216A830CCF4}"
EndProject
Project("{2150E333-8FDC-42A3-9474-1A3956D46DE8}") = "7-Host", "7-Host", "{0129FF56-A14B-406A-8E70-A0D19277CCD2}"
EndProject
Project("{2150E333-8FDC-42A3-9474-1A3956D46DE8}") = "Console", "Console", "{31763B3A-3B70-4C6C-AE5C-171E40745A4A}"
EndProject
Project("{2150E333-8FDC-42A3-9474-1A3956D46DE8}") = "WindowsService", "WindowsService", "{B804C5A4-50C6-4945-9CE5-1AA10AFD5A90}"
EndProject
Project("{2150E333-8FDC-42A3-9474-1A3956D46DE8}") = "8-Deployment", "8-Deployment", "{5A106E5E-89FE-4491-A246-23E4B3435A69}"
EndProject
Project("{2150E333-8FDC-42A3-9474-1A3956D46DE8}") = "Asset", "Asset", "{AC20DCB2-C129-43C0-8223-914BD52292E1}"
EndProject
Project("{2150E333-8FDC-42A3-9474-1A3956D46DE8}") = "Database", "Database", "{1FBBEFBE-69D3-4572-B2B6-7A2DDB6190BA}"
EndProject
Project("{2150E333-8FDC-42A3-9474-1A3956D46DE8}") = "Script", "Script", "{732931CB-F57D-4892-8F92-AB4B19C5A011}"
EndProject
Project("{2150E333-8FDC-42A3-9474-1A3956D46DE8}") = "Setup", "Setup", "{41A135C2-8529-4A6B-AE1E-0F9AE9C523CE}"
EndProject
Project("{2150E333-8FDC-42A3-9474-1A3956D46DE8}") = "9-Test", "9-Test", "{95CF6258-790A-43DA-AE38-E37D260413E8}"
EndProject
Project("{2150E333-8FDC-42A3-9474-1A3956D46DE8}") = "Debug", "Debug", "{4CE7A82F-F66C-4142-88F3-3270659BF178}"
EndProject
Project("{2150E333-8FDC-42A3-9474-1A3956D46DE8}") = "UnitTest", "UnitTest", "{E2006745-9BAF-418F-A476-94654A2D28A3}"
EndProject
Global
	GlobalSection(SolutionProperties) = preSolution
		HideSolutionNode = FALSE
	EndGlobalSection
	GlobalSection(NestedProjects) = preSolution
		{5D3C71FE-81E7-4982-ACD2-7233FCDC5584} = {BD440E54-18FB-4967-AF39-D5BF3AB7CB87}
		{8272A534-47CB-4747-9827-813267B3CC0D} = {BD440E54-18FB-4967-AF39-D5BF3AB7CB87}
		{711C9847-E298-4F87-ADF3-D0E2E15C787E} = {3371C859-01EE-40EE-89B6-02B07FDF4B36}
		{174152EE-364A-4A6E-B285-E160AFC64752} = {3371C859-01EE-40EE-89B6-02B07FDF4B36}
		{9B7B74F3-8BC8-43B8-AA35-8C1FCE0F02E5} = {3371C859-01EE-40EE-89B6-02B07FDF4B36}
		{18F6ABDF-D12E-4CDC-B7A6-9F564C886040} = {459A1040-EF94-47C8-A958-534ACD8757C1}
		{DD44ECE5-C180-4E0D-A58E-38D10DD3D1B9} = {459A1040-EF94-47C8-A958-534ACD8757C1}
		{8F59FEF0-0AF9-49B4-846F-50CD382DC7E6} = {459A1040-EF94-47C8-A958-534ACD8757C1}
		{EFAEFBE4-539E-4DCA-BB32-0B0F013C3A1C} = {3ECD0718-36DD-41F0-B842-A32371BEFCCF}
		{EF002349-6FD5-40D0-8B8D-F49D355B3CF0} = {3ECD0718-36DD-41F0-B842-A32371BEFCCF}
		{F5156727-4CDB-4722-82B3-A1FD4BAB27A2} = {3ECD0718-36DD-41F0-B842-A32371BEFCCF}
		{5504640F-F7E8-4F3C-B6C6-86A9C55C2F90} = {3ECD0718-36DD-41F0-B842-A32371BEFCCF}
		{9B51D25C-52A9-4823-BB22-0EC23818244C} = {3ECD0718-36DD-41F0-B842-A32371BEFCCF}
		{F56D3096-564E-4993-AED5-B0E2BB14B252} = {3ECD0718-36DD-41F0-B842-A32371BEFCCF}
		{854D8262-40C0-42B0-8952-826CE3B2172E} = {B0B7A095-DDAF-43A6-BECF-A622B4528F6F}
		{E1B9D85C-758F-45BA-BF1F-455AF0E96650} = {B0B7A095-DDAF-43A6-BECF-A622B4528F6F}
		{E4E58C5D-2690-46D4-8E2B-FDEAC834773B} = {B0B7A095-DDAF-43A6-BECF-A622B4528F6F}
		{1D1E620A-F1DB-44AD-BFFD-BE9C9FEDC12D} = {B0B7A095-DDAF-43A6-BECF-A622B4528F6F}
		{1163B030-F8B1-43D5-BCFC-6A7D39D8337B} = {B0B7A095-DDAF-43A6-BECF-A622B4528F6F}
		{E3F33C2E-DE11-4AF0-A302-69771B6A8CBD} = {B0B7A095-DDAF-43A6-BECF-A622B4528F6F}
		{16FA610C-5E9E-4695-8848-6BE7C14F20AD} = {B0B7A095-DDAF-43A6-BECF-A622B4528F6F}
		{F735A57F-6490-47FF-AD74-8079B43022E1} = {B0B7A095-DDAF-43A6-BECF-A622B4528F6F}
		{3E6204D8-1CE0-4E0D-819A-4216A830CCF4} = {B0B7A095-DDAF-43A6-BECF-A622B4528F6F}
		{31763B3A-3B70-4C6C-AE5C-171E40745A4A} = {0129FF56-A14B-406A-8E70-A0D19277CCD2}
		{B804C5A4-50C6-4945-9CE5-1AA10AFD5A90} = {0129FF56-A14B-406A-8E70-A0D19277CCD2}
		{AC20DCB2-C129-43C0-8223-914BD52292E1} = {5A106E5E-89FE-4491-A246-23E4B3435A69}
		{1FBBEFBE-69D3-4572-B2B6-7A2DDB6190BA} = {5A106E5E-89FE-4491-A246-23E4B3435A69}
		{732931CB-F57D-4892-8F92-AB4B19C5A011} = {5A106E5E-89FE-4491-A246-23E4B3435A69}
		{41A135C2-8529-4A6B-AE1E-0F9AE9C523CE} = {5A106E5E-89FE-4491-A246-23E4B3435A69}
		{4CE7A82F-F66C-4142-88F3-3270659BF178} = {95CF6258-790A-43DA-AE38-E37D260413E8}
		{E2006745-9BAF-418F-A476-94654A2D28A3} = {95CF6258-790A-43DA-AE38-E37D260413E8}
	EndGlobalSection
EndGlobal
