
Microsoft Visual Studio Solution File, Format Version 12.00
# Visual Studio 15
VisualStudioVersion = 15.0.27130.0
MinimumVisualStudioVersion = 10.0.40219.1
Project("{2150E333-8FDC-42A3-9474-1A3956D46DE8}") = "00-Misc", "00-Misc", "{4163D638-94EC-4EF0-81F0-2EEACEB6C69A}"
EndProject
Project("{2150E333-8FDC-42A3-9474-1A3956D46DE8}") = "Documentation", "Documentation", "{D95174FD-A111-4EB0-A822-D77F4F465E93}"
EndProject
Project("{2150E333-8FDC-42A3-9474-1A3956D46DE8}") = "Modeling", "Modeling", "{26C2CF4D-028C-483C-B504-11E511885C19}"
EndProject
Project("{2150E333-8FDC-42A3-9474-1A3956D46DE8}") = "SolutionItems", "SolutionItems", "{40CFC85D-7AA6-409C-9CE2-D771E62771F8}"
EndProject
Project("{2150E333-8FDC-42A3-9474-1A3956D46DE8}") = "10-External", "10-External", "{94168C82-27D2-459C-9F3B-A0D4E652415F}"
EndProject
Project("{2150E333-8FDC-42A3-9474-1A3956D46DE8}") = "20-Communication", "20-Communication", "{61DFB63D-88D6-455F-A8A3-6E0856C06A8B}"
EndProject
Project("{2150E333-8FDC-42A3-9474-1A3956D46DE8}") = "Contract", "Contract", "{1DEFF01F-F1C4-4077-8416-61774BE3CD64}"
EndProject
Project("{2150E333-8FDC-42A3-9474-1A3956D46DE8}") = "Service", "Service", "{1D6F9F6F-84BA-43E1-8E61-7048A971F46D}"
EndProject
Project("{2150E333-8FDC-42A3-9474-1A3956D46DE8}") = "ServiceReference", "ServiceReference", "{DD6AAD32-1B73-48BB-B200-F00424861AEC}"
EndProject
Project("{2150E333-8FDC-42A3-9474-1A3956D46DE8}") = "30-Business", "30-Business", "{7891D7E9-BD40-4D7F-BA93-0DB54A0C95A9}"
EndProject
Project("{2150E333-8FDC-42A3-9474-1A3956D46DE8}") = "Component", "Component", "{ADF81DF2-42DF-4010-87D0-4F40326F2B01}"
EndProject
Project("{2150E333-8FDC-42A3-9474-1A3956D46DE8}") = "Domain", "Domain", "{5222C35B-E26A-4DC4-A8B2-D1075B10DA5A}"
EndProject
Project("{2150E333-8FDC-42A3-9474-1A3956D46DE8}") = "Facade", "Facade", "{0F7ABCBD-A690-4F8A-AB18-97CE5E08A75F}"
EndProject
Project("{2150E333-8FDC-42A3-9474-1A3956D46DE8}") = "Feature", "Feature", "{CCFA5F0C-B674-4CE2-960E-91989A210180}"
EndProject
Project("{2150E333-8FDC-42A3-9474-1A3956D46DE8}") = "Service", "Service", "{08E9AF75-05FF-47A1-A7A5-78EE235A0104}"
EndProject
Project("{2150E333-8FDC-42A3-9474-1A3956D46DE8}") = "40-Data", "40-Data", "{F3157567-6CB5-45F5-BA50-9F5400BB8943}"
EndProject
Project("{2150E333-8FDC-42A3-9474-1A3956D46DE8}") = "DataAccess", "DataAccess", "{E2939DCB-82F8-451B-ABE8-011A6B2E2271}"
EndProject
Project("{2150E333-8FDC-42A3-9474-1A3956D46DE8}") = "DataAnnotation", "DataAnnotation", "{B4DC94D1-675E-418C-B025-267AC99BBCC9}"
EndProject
Project("{2150E333-8FDC-42A3-9474-1A3956D46DE8}") = "Dto", "Dto", "{03E1B785-1339-4CA2-B593-7E594B4F85B6}"
EndProject
Project("{2150E333-8FDC-42A3-9474-1A3956D46DE8}") = "Entity", "Entity", "{3CAD077A-7FB5-4C30-9880-158DC571B793}"
EndProject
Project("{2150E333-8FDC-42A3-9474-1A3956D46DE8}") = "Model", "Model", "{847D052A-4A45-4578-923E-4E63DBF4E056}"
EndProject
Project("{2150E333-8FDC-42A3-9474-1A3956D46DE8}") = "Orm", "Orm", "{F5F7F05D-9F72-4C5A-BB71-3CCE5E0956FC}"
EndProject
Project("{2150E333-8FDC-42A3-9474-1A3956D46DE8}") = "Repository", "Repository", "{C6F257FD-D869-45A6-BE8E-939D3953664C}"
EndProject
Project("{2150E333-8FDC-42A3-9474-1A3956D46DE8}") = "50-Infrastructure", "50-Infrastructure", "{54F97F58-D4B2-4F55-B453-476F65B7B964}"
EndProject
Project("{2150E333-8FDC-42A3-9474-1A3956D46DE8}") = "AssemblyInfo", "AssemblyInfo", "{C51E88CE-985C-4446-8E06-A5C0CB17D979}"
EndProject
Project("{2150E333-8FDC-42A3-9474-1A3956D46DE8}") = "Attribute", "Attribute", "{556C2DEA-6AE9-44B5-ACDD-FA9572B61752}"
EndProject
Project("{2150E333-8FDC-42A3-9474-1A3956D46DE8}") = "Caching", "Caching", "{8B3F6F4A-C1F8-42B8-8141-CF823B7F5A54}"
EndProject
Project("{2150E333-8FDC-42A3-9474-1A3956D46DE8}") = "Configuration", "Configuration", "{BCBA089E-CA08-417B-B1DC-8B99B981EA10}"
EndProject
Project("{2150E333-8FDC-42A3-9474-1A3956D46DE8}") = "Constant", "Constant", "{5267E30A-7D50-4EFE-9CD3-56BE58D02A9E}"
EndProject
Project("{2150E333-8FDC-42A3-9474-1A3956D46DE8}") = "Exception", "Exception", "{611CAE66-6030-43AD-B047-126CC9D36A37}"
EndProject
Project("{2150E333-8FDC-42A3-9474-1A3956D46DE8}") = "Extension", "Extension", "{5D502148-1FB3-4362-A3A6-D3C8731FFADD}"
EndProject
Project("{2150E333-8FDC-42A3-9474-1A3956D46DE8}") = "Framework", "Framework", "{EA77AEA6-8DE6-490F-A6FD-5E005A790973}"
EndProject
Project("{2150E333-8FDC-42A3-9474-1A3956D46DE8}") = "Logging", "Logging", "{9B819C54-ECA5-4149-AFBC-607DC6AC1648}"
EndProject
Project("{2150E333-8FDC-42A3-9474-1A3956D46DE8}") = "Security", "Security", "{F0A61E42-6548-475F-89E9-484BB80F1803}"
EndProject
Project("{2150E333-8FDC-42A3-9474-1A3956D46DE8}") = "Utility", "Utility", "{49B4785D-05F0-449A-9713-9F050F7334DF}"
EndProject
Project("{2150E333-8FDC-42A3-9474-1A3956D46DE8}") = "Validation", "Validation", "{6E85F2F6-DEC1-4994-B94C-9C97FBCAE2AF}"
EndProject
Project("{2150E333-8FDC-42A3-9474-1A3956D46DE8}") = "60-Host", "60-Host", "{7D0E1363-7A1E-4D53-8F28-EFB61B4D72CF}"
EndProject
Project("{2150E333-8FDC-42A3-9474-1A3956D46DE8}") = "70-Presentation", "70-Presentation", "{427686E2-C2A6-4842-9E2C-D713EB525291}"
EndProject
Project("{2150E333-8FDC-42A3-9474-1A3956D46DE8}") = "80-Test", "80-Test", "{898F5FC4-6BAF-472A-AD96-D8974D1AEAFA}"
EndProject
Project("{2150E333-8FDC-42A3-9474-1A3956D46DE8}") = "Debug", "Debug", "{16A5B8D6-6831-463C-A995-5B496CD78C09}"
EndProject
Project("{2150E333-8FDC-42A3-9474-1A3956D46DE8}") = "UnitTest", "UnitTest", "{9F9DDB58-A8CD-4C9A-8FA1-F6D031012992}"
EndProject
Project("{2150E333-8FDC-42A3-9474-1A3956D46DE8}") = "90-Artifact", "90-Artifact", "{FC02B7C9-A46F-4ECD-BC06-9BECB1CA7A7B}"
EndProject
Project("{2150E333-8FDC-42A3-9474-1A3956D46DE8}") = "Asset", "Asset", "{0A64C065-BC6C-4B1C-ACED-6D6AF9C6DBDF}"
EndProject
Project("{2150E333-8FDC-42A3-9474-1A3956D46DE8}") = "Build", "Build", "{DFF24F67-AB16-468A-9302-E02AE415D325}"
EndProject
Project("{2150E333-8FDC-42A3-9474-1A3956D46DE8}") = "Deploy", "Deploy", "{8E04E5BD-F8A0-498B-AF23-364BDE6A8669}"
EndProject
Project("{2150E333-8FDC-42A3-9474-1A3956D46DE8}") = "Package", "Package", "{4CD5CF4C-4AE0-46E5-91F4-4D4B4DA22AB7}"
EndProject
Project("{2150E333-8FDC-42A3-9474-1A3956D46DE8}") = "Resource", "Resource", "{E17BABFC-0593-4B52-922B-7825FF2592F9}"
EndProject
Project("{2150E333-8FDC-42A3-9474-1A3956D46DE8}") = "Script", "Script", "{EAE8E2B9-512B-45BE-9461-FB57FE2B3B0A}"
EndProject
Project("{2150E333-8FDC-42A3-9474-1A3956D46DE8}") = "Setup", "Setup", "{889AD1B1-910F-45F4-B3B4-09BDC7F18302}"
EndProject
Global
	GlobalSection(SolutionProperties) = preSolution
		HideSolutionNode = FALSE
	EndGlobalSection
	GlobalSection(NestedProjects) = preSolution
		{D95174FD-A111-4EB0-A822-D77F4F465E93} = {4163D638-94EC-4EF0-81F0-2EEACEB6C69A}
		{26C2CF4D-028C-483C-B504-11E511885C19} = {4163D638-94EC-4EF0-81F0-2EEACEB6C69A}
		{40CFC85D-7AA6-409C-9CE2-D771E62771F8} = {4163D638-94EC-4EF0-81F0-2EEACEB6C69A}
		{1DEFF01F-F1C4-4077-8416-61774BE3CD64} = {61DFB63D-88D6-455F-A8A3-6E0856C06A8B}
		{1D6F9F6F-84BA-43E1-8E61-7048A971F46D} = {61DFB63D-88D6-455F-A8A3-6E0856C06A8B}
		{DD6AAD32-1B73-48BB-B200-F00424861AEC} = {61DFB63D-88D6-455F-A8A3-6E0856C06A8B}
		{ADF81DF2-42DF-4010-87D0-4F40326F2B01} = {7891D7E9-BD40-4D7F-BA93-0DB54A0C95A9}
		{5222C35B-E26A-4DC4-A8B2-D1075B10DA5A} = {7891D7E9-BD40-4D7F-BA93-0DB54A0C95A9}
		{0F7ABCBD-A690-4F8A-AB18-97CE5E08A75F} = {7891D7E9-BD40-4D7F-BA93-0DB54A0C95A9}
		{CCFA5F0C-B674-4CE2-960E-91989A210180} = {7891D7E9-BD40-4D7F-BA93-0DB54A0C95A9}
		{08E9AF75-05FF-47A1-A7A5-78EE235A0104} = {7891D7E9-BD40-4D7F-BA93-0DB54A0C95A9}
		{E2939DCB-82F8-451B-ABE8-011A6B2E2271} = {F3157567-6CB5-45F5-BA50-9F5400BB8943}
		{B4DC94D1-675E-418C-B025-267AC99BBCC9} = {F3157567-6CB5-45F5-BA50-9F5400BB8943}
		{03E1B785-1339-4CA2-B593-7E594B4F85B6} = {F3157567-6CB5-45F5-BA50-9F5400BB8943}
		{3CAD077A-7FB5-4C30-9880-158DC571B793} = {F3157567-6CB5-45F5-BA50-9F5400BB8943}
		{847D052A-4A45-4578-923E-4E63DBF4E056} = {F3157567-6CB5-45F5-BA50-9F5400BB8943}
		{F5F7F05D-9F72-4C5A-BB71-3CCE5E0956FC} = {F3157567-6CB5-45F5-BA50-9F5400BB8943}
		{C6F257FD-D869-45A6-BE8E-939D3953664C} = {F3157567-6CB5-45F5-BA50-9F5400BB8943}
		{C51E88CE-985C-4446-8E06-A5C0CB17D979} = {54F97F58-D4B2-4F55-B453-476F65B7B964}
		{556C2DEA-6AE9-44B5-ACDD-FA9572B61752} = {54F97F58-D4B2-4F55-B453-476F65B7B964}
		{8B3F6F4A-C1F8-42B8-8141-CF823B7F5A54} = {54F97F58-D4B2-4F55-B453-476F65B7B964}
		{BCBA089E-CA08-417B-B1DC-8B99B981EA10} = {54F97F58-D4B2-4F55-B453-476F65B7B964}
		{5267E30A-7D50-4EFE-9CD3-56BE58D02A9E} = {54F97F58-D4B2-4F55-B453-476F65B7B964}
		{611CAE66-6030-43AD-B047-126CC9D36A37} = {54F97F58-D4B2-4F55-B453-476F65B7B964}
		{5D502148-1FB3-4362-A3A6-D3C8731FFADD} = {54F97F58-D4B2-4F55-B453-476F65B7B964}
		{EA77AEA6-8DE6-490F-A6FD-5E005A790973} = {54F97F58-D4B2-4F55-B453-476F65B7B964}
		{9B819C54-ECA5-4149-AFBC-607DC6AC1648} = {54F97F58-D4B2-4F55-B453-476F65B7B964}
		{F0A61E42-6548-475F-89E9-484BB80F1803} = {54F97F58-D4B2-4F55-B453-476F65B7B964}
		{49B4785D-05F0-449A-9713-9F050F7334DF} = {54F97F58-D4B2-4F55-B453-476F65B7B964}
		{6E85F2F6-DEC1-4994-B94C-9C97FBCAE2AF} = {54F97F58-D4B2-4F55-B453-476F65B7B964}
		{16A5B8D6-6831-463C-A995-5B496CD78C09} = {898F5FC4-6BAF-472A-AD96-D8974D1AEAFA}
		{9F9DDB58-A8CD-4C9A-8FA1-F6D031012992} = {898F5FC4-6BAF-472A-AD96-D8974D1AEAFA}
		{0A64C065-BC6C-4B1C-ACED-6D6AF9C6DBDF} = {FC02B7C9-A46F-4ECD-BC06-9BECB1CA7A7B}
		{DFF24F67-AB16-468A-9302-E02AE415D325} = {FC02B7C9-A46F-4ECD-BC06-9BECB1CA7A7B}
		{8E04E5BD-F8A0-498B-AF23-364BDE6A8669} = {FC02B7C9-A46F-4ECD-BC06-9BECB1CA7A7B}
		{4CD5CF4C-4AE0-46E5-91F4-4D4B4DA22AB7} = {FC02B7C9-A46F-4ECD-BC06-9BECB1CA7A7B}
		{E17BABFC-0593-4B52-922B-7825FF2592F9} = {FC02B7C9-A46F-4ECD-BC06-9BECB1CA7A7B}
		{EAE8E2B9-512B-45BE-9461-FB57FE2B3B0A} = {FC02B7C9-A46F-4ECD-BC06-9BECB1CA7A7B}
		{889AD1B1-910F-45F4-B3B4-09BDC7F18302} = {FC02B7C9-A46F-4ECD-BC06-9BECB1CA7A7B}
	EndGlobalSection
	GlobalSection(ExtensibilityGlobals) = postSolution
		SolutionGuid = {6D61D4A0-D6D4-48C8-8586-E9F20F5B9F69}
	EndGlobalSection
EndGlobal
